
Microsoft Visual Studio Solution File, Format Version 12.00
# Visual Studio Version 17
VisualStudioVersion = 17.10.35027.167
MinimumVisualStudioVersion = 10.0.40219.1
Project("{8BC9CEB8-8B4A-11D0-8D11-00A0C91BC942}") = "Test_git", "Test_git\Test_git.vcxproj", "{41CA3FE7-B40D-487E-A833-FF77482914AD}"
EndProject
Global
	GlobalSection(SolutionConfigurationPlatforms) = preSolution
		Debug|x64 = Debug|x64
		Debug|x86 = Debug|x86
		Release|x64 = Release|x64
		Release|x86 = Release|x86
	EndGlobalSection
	GlobalSection(ProjectConfigurationPlatforms) = postSolution
		{41CA3FE7-B40D-487E-A833-FF77482914AD}.Debug|x64.ActiveCfg = Debug|x64
		{41CA3FE7-B40D-487E-A833-FF77482914AD}.Debug|x64.Build.0 = Debug|x64
		{41CA3FE7-B40D-487E-A833-FF77482914AD}.Debug|x86.ActiveCfg = Debug|Win32
		{41CA3FE7-B40D-487E-A833-FF77482914AD}.Debug|x86.Build.0 = Debug|Win32
		{41CA3FE7-B40D-487E-A833-FF77482914AD}.Release|x64.ActiveCfg = Release|x64
		{41CA3FE7-B40D-487E-A833-FF77482914AD}.Release|x64.Build.0 = Release|x64
		{41CA3FE7-B40D-487E-A833-FF77482914AD}.Release|x86.ActiveCfg = Release|Win32
		{41CA3FE7-B40D-487E-A833-FF77482914AD}.Release|x86.Build.0 = Release|Win32
	EndGlobalSection
	GlobalSection(SolutionProperties) = preSolution
		HideSolutionNode = FALSE
	EndGlobalSection
	GlobalSection(ExtensibilityGlobals) = postSolution
		SolutionGuid = {AC6268B2-B87C-433E-87FF-79ACED9679D4}
	EndGlobalSection
EndGlobal
